
Microsoft Visual Studio Solution File, Format Version 12.00
# Visual Studio Version 17
VisualStudioVersion = 17.8.34525.116
MinimumVisualStudioVersion = 10.0.40219.1
Project("{FAE04EC0-301F-11D3-BF4B-00C04F79EFBC}") = "! Ясный код", "! Ясный код.csproj", "{9CF83883-F7B2-4785-B4D0-9E45065E7FF5}"
EndProject
Global
	GlobalSection(SolutionConfigurationPlatforms) = preSolution
		Debug|Any CPU = Debug|Any CPU
		Release|Any CPU = Release|Any CPU
	EndGlobalSection
	GlobalSection(ProjectConfigurationPlatforms) = postSolution
		{9CF83883-F7B2-4785-B4D0-9E45065E7FF5}.Debug|Any CPU.ActiveCfg = Debug|Any CPU
		{9CF83883-F7B2-4785-B4D0-9E45065E7FF5}.Debug|Any CPU.Build.0 = Debug|Any CPU
		{9CF83883-F7B2-4785-B4D0-9E45065E7FF5}.Release|Any CPU.ActiveCfg = Release|Any CPU
		{9CF83883-F7B2-4785-B4D0-9E45065E7FF5}.Release|Any CPU.Build.0 = Release|Any CPU
	EndGlobalSection
	GlobalSection(SolutionProperties) = preSolution
		HideSolutionNode = FALSE
	EndGlobalSection
	GlobalSection(ExtensibilityGlobals) = postSolution
		SolutionGuid = {718B68B6-D991-4168-849B-F9ADF71AC776}
	EndGlobalSection
EndGlobal
